PODS:
  - SDWebImage (5.9.5):
    - SDWebImage/Core (= 5.9.5)
  - SDWebImage/Core (5.9.5)
  - SHExtension/UIView (1.3.0)
  - SHLabelPageView (2.3.0):
    - SHExtension/UIView
  - SHScrollView (2.7.1):
    - SDWebImage

DEPENDENCIES:
  - SHLabelPageView
  - SHScrollView

SPEC REPOS:
  trunk:
    - SDWebImage
    - SHExtension
    - SHLabelPageView
    - SHScrollView

SPEC CHECKSUMS:
  SDWebImage: 0b2ba0d56479bf6a45ecddbfd5558bea93150d25
  SHExtension: bb00490dd6c97d3b5d9fd72b9b4f9fe0f2a94254
  SHLabelPageView: 8ba096a0fd3b988d52c55a68b4454ea32559a659
  SHScrollView: 3aebed64e93063b8dca36aeac0a81e6c6452e1cd

PODFILE CHECKSUM: afa558acfdacf6a14449edd351dd4fecb8f9ba3b

COCOAPODS: 1.10.1
